github.com/couchbase/clog v0.1.0 h1:4Kh/YHkhRjMCbdQuvRVsm39XZh4FtL1d8fAwJsHrEPY=
github.com/couchbase/clog v0.1.0/go.mod h1:7tzUpEOsE+fgU81yfcjy5N1H6XtbVC8SgOz/3mCjmd4=
github.com/couchbase/go-couchbase v0.1.1 h1:ClFXELcKj/ojyoTYbsY34QUrrYCBi/1G749sXSCkdhk=
github.com/couchbase/go-couchbase v0.1.1/go.mod h1:+/bddYDxXsf9qt0xpDUtRR47A2GjaXmGGAqQ/k3GJ8A=
github.com/couchbase/gomemcached v0.2.1 h1:lDONROGbklo8pOt4Sr4eV436PVEaKDr3o9gUlhv9I2U=
github.com/couchbase/gomemcached v0.2.1/go.mod h1:mxliKQxOv84gQ0bJWbI+w9Wxdpt9HjDvgW9MjCym5Vo=
github.com/couchbase/goutils v0.3.0 h1:rsv72B6BDjW9jmwlfiDUrdu3EpNvPuo5WLULHzQ0DLE=
github.com/couchbase/goutils v0.3.0/go.mod h1:7Gm+D3vXfV4HS+hQWvKfy6e6ILCptGXNqBKvQXhplhk=
github.com/davecgh/go-spew v1.1.1 h1:vj9j/u1bqnvCEfJOwUhtlOARqs3+rkHYY13jYWTU97c=
github.com/davecgh/go-spew v1.1.1/go.mod h1:J7Y8YcW2NihsgmVo/mv3lAwl/skON4iLHjSsI+c5H38=
github.com/pkg/errors v0.9.1 h1:FEBLx1zS214owpjy7qsBeixbURkuhQAwrK5UwLGTwt4=
github.com/pkg/errors v0.9.1/go.mod h1:bwawxfHBFNV+L2hUp1rHADufV3IMtnDRdf1r5NINEl0=
github.com/pmezard/go-difflib v1.0.0 h1:4DBwDE0NGyQoBHbLQYPwSUPoCMWR5BEzIk/f1lZbAQM=
github.com/pmezard/go-difflib v1.0.0/go.mod h1:iKH77koFhYxTK1pcRnkKkqfTogsbg7gZNVY4sRDYZ/4=
github.com/stretchr/testify v1.11.1 h1:7s2iGBzp5EwR7/aIZr8ao5+dra3wiQyKjjFuvgVKu7U=
github.com/stretchr/testify v1.11.1/go.mod h1:wZwfW3scLgRK+23gO65QZefKpKQRnfz6sD981Nm4B6U=
golang.org/x/crypto v0.46.0 h1:cKRW/pmt1pKAfetfu+RCEvjvZkA9RimPbh7bhFjGVBU=
golang.org/x/crypto v0.46.0/go.mod h1:Evb/oLKmMraqjZ2iQTwDwvCtJkczlDuTmdJXoZVzqU0=
gopkg.in/yaml.v3 v3.0.1 h1:fxVm/GzAzEWqLHuvctI91KS9hhNmmWOoWu0XTYJS7CA=
gopkg.in/yaml.v3 v3.0.1/go.mod h1:K4uyk7z7BCEPqu6E+C64Yfv1cQ7kz7rIZviUmN+EgEM=
